Microsoft Visual Studio Solution File, Format Version 12.00
# Visual Studio Version 17
VisualStudioVersion = 17.5.2.0
MinimumVisualStudioVersion = 10.0.40219.1
Project("{FAE04EC0-301F-11D3-BF4B-00C04F79EFBC}") = "proj-poo", "proj-poo.csproj", "{BE0749BE-45DF-D55D-F07E-3588CFB6BEE3}"
EndProject
Global
	GlobalSection(SolutionConfigurationPlatforms) = preSolution
		Debug|Any CPU = Debug|Any CPU
		Release|Any CPU = Release|Any CPU
	EndGlobalSection
	GlobalSection(ProjectConfigurationPlatforms) = postSolution
		{BE0749BE-45DF-D55D-F07E-3588CFB6BEE3}.Debug|Any CPU.ActiveCfg = Debug|Any CPU
		{BE0749BE-45DF-D55D-F07E-3588CFB6BEE3}.Debug|Any CPU.Build.0 = Debug|Any CPU
		{BE0749BE-45DF-D55D-F07E-3588CFB6BEE3}.Release|Any CPU.ActiveCfg = Release|Any CPU
		{BE0749BE-45DF-D55D-F07E-3588CFB6BEE3}.Release|Any CPU.Build.0 = Release|Any CPU
	EndGlobalSection
	GlobalSection(SolutionProperties) = preSolution
		HideSolutionNode = FALSE
	EndGlobalSection
	GlobalSection(ExtensibilityGlobals) = postSolution
		SolutionGuid = {39A2C236-3E0C-4F0F-A92F-F77EDD90C0E8}
	EndGlobalSection
EndGlobal
